
Microsoft Visual Studio Solution File, Format Version 12.00
# Visual Studio 15
VisualStudioVersion = 15.0.27130.2010
MinimumVisualStudioVersion = 10.0.40219.1
Project("{8BC9CEB8-8B4A-11D0-8D11-00A0C91BC942}") = "Project_Pacman", "Project_Pacman\Project_Pacman.vcxproj", "{ED41BAA3-5AD1-43DD-A64D-B858411AB3E0}"
EndProject
Global
	GlobalSection(SolutionConfigurationPlatforms) = preSolution
		Debug|x64 = Debug|x64
		Debug|x86 = Debug|x86
		Release|x64 = Release|x64
		Release|x86 = Release|x86
	EndGlobalSection
	GlobalSection(ProjectConfigurationPlatforms) = postSolution
		{ED41BAA3-5AD1-43DD-A64D-B858411AB3E0}.Debug|x64.ActiveCfg = Debug|x64
		{ED41BAA3-5AD1-43DD-A64D-B858411AB3E0}.Debug|x64.Build.0 = Debug|x64
		{ED41BAA3-5AD1-43DD-A64D-B858411AB3E0}.Debug|x86.ActiveCfg = Debug|Win32
		{ED41BAA3-5AD1-43DD-A64D-B858411AB3E0}.Debug|x86.Build.0 = Debug|Win32
		{ED41BAA3-5AD1-43DD-A64D-B858411AB3E0}.Release|x64.ActiveCfg = Release|x64
		{ED41BAA3-5AD1-43DD-A64D-B858411AB3E0}.Release|x64.Build.0 = Release|x64
		{ED41BAA3-5AD1-43DD-A64D-B858411AB3E0}.Release|x86.ActiveCfg = Release|Win32
		{ED41BAA3-5AD1-43DD-A64D-B858411AB3E0}.Release|x86.Build.0 = Release|Win32
	EndGlobalSection
	GlobalSection(SolutionProperties) = preSolution
		HideSolutionNode = FALSE
	EndGlobalSection
	GlobalSection(ExtensibilityGlobals) = postSolution
		SolutionGuid = {6F7E9B0E-E81B-44C9-88AF-D4E1DAB00963}
	EndGlobalSection
EndGlobal
